
Microsoft Visual Studio Solution File, Format Version 12.00
# Visual Studio Version 17
VisualStudioVersion = 17.7.34024.191
MinimumVisualStudioVersion = 10.0.40219.1
Project("{FAE04EC0-301F-11D3-BF4B-00C04F79EFBC}") = "Gallows", "Gallows\Gallows.csproj", "{8986B29D-18EB-4172-B3B7-53AD804E2375}"
EndProject
Global
	GlobalSection(SolutionConfigurationPlatforms) = preSolution
		Debug|Any CPU = Debug|Any CPU
		Release|Any CPU = Release|Any CPU
	EndGlobalSection
	GlobalSection(ProjectConfigurationPlatforms) = postSolution
		{8986B29D-18EB-4172-B3B7-53AD804E2375}.Debug|Any CPU.ActiveCfg = Debug|Any CPU
		{8986B29D-18EB-4172-B3B7-53AD804E2375}.Debug|Any CPU.Build.0 = Debug|Any CPU
		{8986B29D-18EB-4172-B3B7-53AD804E2375}.Release|Any CPU.ActiveCfg = Release|Any CPU
		{8986B29D-18EB-4172-B3B7-53AD804E2375}.Release|Any CPU.Build.0 = Release|Any CPU
	EndGlobalSection
	GlobalSection(SolutionProperties) = preSolution
		HideSolutionNode = FALSE
	EndGlobalSection
	GlobalSection(ExtensibilityGlobals) = postSolution
		SolutionGuid = {6772511F-9B86-4EFD-B034-3FAA8632140F}
	EndGlobalSection
EndGlobal
